
Microsoft Visual Studio Solution File, Format Version 12.00
# Visual Studio Version 17
VisualStudioVersion = 17.9.34728.123
MinimumVisualStudioVersion = 10.0.40219.1
Project("{9A19103F-16F7-4668-BE54-9A1E7A4F7556}") = "Http", "Http\Http.csproj", "{077BB35D-047A-4D4F-A855-980144FBAD51}"
EndProject
Project("{9A19103F-16F7-4668-BE54-9A1E7A4F7556}") = "Test", "Test\Test.csproj", "{32E718CE-6F72-4D27-9FB5-9B7FE2E7EE33}"
EndProject
Global
	GlobalSection(SolutionConfigurationPlatforms) = preSolution
		Debug|Any CPU = Debug|Any CPU
		Release|Any CPU = Release|Any CPU
	EndGlobalSection
	GlobalSection(ProjectConfigurationPlatforms) = postSolution
		{077BB35D-047A-4D4F-A855-980144FBAD51}.Debug|Any CPU.ActiveCfg = Debug|Any CPU
		{077BB35D-047A-4D4F-A855-980144FBAD51}.Debug|Any CPU.Build.0 = Debug|Any CPU
		{077BB35D-047A-4D4F-A855-980144FBAD51}.Release|Any CPU.ActiveCfg = Release|Any CPU
		{077BB35D-047A-4D4F-A855-980144FBAD51}.Release|Any CPU.Build.0 = Release|Any CPU
		{32E718CE-6F72-4D27-9FB5-9B7FE2E7EE33}.Debug|Any CPU.ActiveCfg = Debug|Any CPU
		{32E718CE-6F72-4D27-9FB5-9B7FE2E7EE33}.Debug|Any CPU.Build.0 = Debug|Any CPU
		{32E718CE-6F72-4D27-9FB5-9B7FE2E7EE33}.Release|Any CPU.ActiveCfg = Release|Any CPU
		{32E718CE-6F72-4D27-9FB5-9B7FE2E7EE33}.Release|Any CPU.Build.0 = Release|Any CPU
	EndGlobalSection
	GlobalSection(SolutionProperties) = preSolution
		HideSolutionNode = FALSE
	EndGlobalSection
	GlobalSection(ExtensibilityGlobals) = postSolution
		SolutionGuid = {716DF378-B227-428B-8E9D-ECF42A7D9E5B}
	EndGlobalSection
EndGlobal
